{
  "name": "z2m-lite-www",
  "version": "1.6.0",
  "lockfileVersion": 3,
  "requires": true,
  "packages": {
    "": {
      "name": "z2m-lite-www",
      "version": "1.6.0",
      "license": "ISC",
      "dependencies": {
        "@matatbread/ai-ui": "^0.18.4",
        "chart.js": "^4.2.0",
        "codeflask": "^1.4.1",
        "vis-network": "^9.1.10"
      }
    },
    "node_modules/@egjs/hammerjs": {
      "version": "2.0.17",
      "resolved": "https://registry.npmjs.org/@egjs/hammerjs/-/hammerjs-2.0.17.tgz",
      "integrity": "sha512-XQsZgjm2EcVUiZQf11UBJQfmZeEmOW8DpI1gsFeln6w0ae0ii4dMQEQ0kjl6DspdWX1aGY1/loyXnP0JS06e/A==",
      "peer": true,
      "dependencies": {
        "@types/hammerjs": "^2.0.36"
      },
      "engines": {
        "node": ">=0.8.0"
      }
    },
    "node_modules/@kurkle/color": {
      "version": "0.3.2",
      "resolved": "https://registry.npmjs.org/@kurkle/color/-/color-0.3.2.tgz",
      "integrity": "sha512-fuscdXJ9G1qb7W8VdHi+IwRqij3lBkosAm4ydQtEmbY58OzHXqQhvlxqEkoz0yssNVn38bcpRWgA9PP+OGoisw=="
    },
    "node_modules/@matatbread/ai-ui": {
      "version": "0.18.4",
      "resolved": "https://registry.npmjs.org/@matatbread/ai-ui/-/ai-ui-0.18.4.tgz",
      "integrity": "sha512-4s2c9J0PzOj01rRHqfSogRH7j0++rRUJNVfGpnEAGLOJSrBNeStTNrXGa28XHoDXKkctWnXdMdtZoPbkCxAeEQ==",
      "engines": {
        "node": ">=16.13.2"
      }
    },
    "node_modules/@types/hammerjs": {
      "version": "2.0.46",
      "resolved": "https://registry.npmjs.org/@types/hammerjs/-/hammerjs-2.0.46.tgz",
      "integrity": "sha512-ynRvcq6wvqexJ9brDMS4BnBLzmr0e14d6ZJTEShTBWKymQiHwlAyGu0ZPEFI2Fh1U53F7tN9ufClWM5KvqkKOw==",
      "peer": true
    },
    "node_modules/@types/prismjs": {
      "version": "1.26.5",
      "resolved": "https://registry.npmjs.org/@types/prismjs/-/prismjs-1.26.5.tgz",
      "integrity": "sha512-AUZTa7hQ2KY5L7AmtSiqxlhWxb4ina0yd8hNbl4TWuqnv/pFP0nDMb3YrfSBf4hJVGLh2YEIBfKaBW/9UEl6IQ=="
    },
    "node_modules/chart.js": {
      "version": "4.4.2",
      "resolved": "https://registry.npmjs.org/chart.js/-/chart.js-4.4.2.tgz",
      "integrity": "sha512-6GD7iKwFpP5kbSD4MeRRRlTnQvxfQREy36uEtm1hzHzcOqwWx0YEHuspuoNlslu+nciLIB7fjjsHkUv/FzFcOg==",
      "dependencies": {
        "@kurkle/color": "^0.3.0"
      },
      "engines": {
        "pnpm": ">=8"
      }
    },
    "node_modules/codeflask": {
      "version": "1.4.1",
      "resolved": "https://registry.npmjs.org/codeflask/-/codeflask-1.4.1.tgz",
      "integrity": "sha512-4vb2IbE/iwvP0Uubhd2ixVeysm3KNC2pl7SoDaisxq1juhZzvap3qbaX7B2CtpQVvv5V9sjcQK8hO0eTcY0V9Q==",
      "dependencies": {
        "@types/prismjs": "^1.9.1",
        "prismjs": "^1.14.0"
      }
    },
    "node_modules/component-emitter": {
      "version": "1.3.1",
      "resolved": "https://registry.npmjs.org/component-emitter/-/component-emitter-1.3.1.tgz",
      "integrity": "sha512-T0+barUSQRTUQASh8bx02dl+DhF54GtIDY13Y3m9oWTklKbb3Wv974meRpeZ3lp1JpLVECWWNHC4vaG2XHXouQ==",
      "peer": true,
      "funding": {
        "url": "https://github.com/sponsors/sindresorhus"
      }
    },
    "node_modules/keycharm": {
      "version": "0.4.0",
      "resolved": "https://registry.npmjs.org/keycharm/-/keycharm-0.4.0.tgz",
      "integrity": "sha512-TyQTtsabOVv3MeOpR92sIKk/br9wxS+zGj4BG7CR8YbK4jM3tyIBaF0zhzeBUMx36/Q/iQLOKKOT+3jOQtemRQ==",
      "peer": true
    },
    "node_modules/prismjs": {
      "version": "1.30.0",
      "resolved": "https://registry.npmjs.org/prismjs/-/prismjs-1.30.0.tgz",
      "integrity": "sha512-DEvV2ZF2r2/63V+tK8hQvrR2ZGn10srHbXviTlcv7Kpzw8jWiNTqbVgjO3IY8RxrrOUF8VPMQQFysYYYv0YZxw==",
      "engines": {
        "node": ">=6"
      }
    },
    "node_modules/uuid": {
      "version": "9.0.1",
      "resolved": "https://registry.npmjs.org/uuid/-/uuid-9.0.1.tgz",
      "integrity": "sha512-b+1eJOlsR9K8HJpow9Ok3fiWOWSIcIzXodvv0rQjVoOVNpWMpxf1wZNpt4y9h10odCNrqnYp1OBzRktckBe3sA==",
      "funding": [
        "https://github.com/sponsors/broofa",
        "https://github.com/sponsors/ctavan"
      ],
      "peer": true,
      "bin": {
        "uuid": "dist/bin/uuid"
      }
    },
    "node_modules/vis-data": {
      "version": "7.1.9",
      "resolved": "https://registry.npmjs.org/vis-data/-/vis-data-7.1.9.tgz",
      "integrity": "sha512-COQsxlVrmcRIbZMMTYwD+C2bxYCFDNQ2EHESklPiInbD/Pk3JZ6qNL84Bp9wWjYjAzXfSlsNaFtRk+hO9yBPWA==",
      "peer": true,
      "funding": {
        "type": "opencollective",
        "url": "https://opencollective.com/visjs"
      },
      "peerDependencies": {
        "uuid": "^3.4.0 || ^7.0.0 || ^8.0.0 || ^9.0.0",
        "vis-util": "^5.0.1"
      }
    },
    "node_modules/vis-network": {
      "version": "9.1.10",
      "resolved": "https://registry.npmjs.org/vis-network/-/vis-network-9.1.10.tgz",
      "integrity": "sha512-7j71o99bZntr+sJGA58vWD6u9QL+qnt5oKj0Nn+F402L6o+FpO3P35zzPWPsCtqBwxPl0Cd+8xNuR3u7xleNPA==",
      "funding": {
        "type": "opencollective",
        "url": "https://opencollective.com/visjs"
      },
      "peerDependencies": {
        "@egjs/hammerjs": "^2.0.0",
        "component-emitter": "^1.3.0",
        "keycharm": "^0.2.0 || ^0.3.0 || ^0.4.0",
        "uuid": "^3.4.0 || ^7.0.0 || ^8.0.0 || ^9.0.0 || ^10.0.0 || ^11.0.0",
        "vis-data": "^6.3.0 || ^7.0.0",
        "vis-util": "^5.0.1"
      }
    },
    "node_modules/vis-util": {
      "version": "5.0.7",
      "resolved": "https://registry.npmjs.org/vis-util/-/vis-util-5.0.7.tgz",
      "integrity": "sha512-E3L03G3+trvc/X4LXvBfih3YIHcKS2WrP0XTdZefr6W6Qi/2nNCqZfe4JFfJU6DcQLm6Gxqj2Pfl+02859oL5A==",
      "peer": true,
      "engines": {
        "node": ">=8"
      },
      "funding": {
        "type": "opencollective",
        "url": "https://opencollective.com/visjs"
      },
      "peerDependencies": {
        "@egjs/hammerjs": "^2.0.0",
        "component-emitter": "^1.3.0 || ^2.0.0"
      }
    }
  }
}
