{
  "name": "z2m-lite-www",
  "version": "1.1.0",
  "lockfileVersion": 3,
  "requires": true,
  "packages": {
    "": {
      "name": "z2m-lite-www",
      "version": "1.1.0",
      "license": "ISC",
      "dependencies": {
        "@matatbread/ai-ui": "file:../../../AI-UI/module",
        "chart.js": "^4.2.0"
      }
    },
    "../../../AI-UI/module": {
      "version": "0.10.16",
      "license": "MIT",
      "devDependencies": {
        "@types/node": "^20.11.24",
        "colors": "^1.4.0",
        "jsdom": "^24.0.0",
        "ts-loader": "^9.5.0",
        "ts-node": "^10.9.2",
        "typescript": "^5.4.2",
        "webpack": "^5.88.2",
        "webpack-cli": "^5.1.4"
      }
    },
    "node_modules/@kurkle/color": {
      "version": "0.3.2",
      "resolved": "https://registry.npmjs.org/@kurkle/color/-/color-0.3.2.tgz",
      "integrity": "sha512-fuscdXJ9G1qb7W8VdHi+IwRqij3lBkosAm4ydQtEmbY58OzHXqQhvlxqEkoz0yssNVn38bcpRWgA9PP+OGoisw=="
    },
    "node_modules/@matatbread/ai-ui": {
      "resolved": "../../../AI-UI/module",
      "link": true
    },
    "node_modules/chart.js": {
      "version": "4.4.2",
      "resolved": "https://registry.npmjs.org/chart.js/-/chart.js-4.4.2.tgz",
      "integrity": "sha512-6GD7iKwFpP5kbSD4MeRRRlTnQvxfQREy36uEtm1hzHzcOqwWx0YEHuspuoNlslu+nciLIB7fjjsHkUv/FzFcOg==",
      "dependencies": {
        "@kurkle/color": "^0.3.0"
      },
      "engines": {
        "pnpm": ">=8"
      }
    }
  }
}
